schema: '2.0'
stages:
  download_coronal_dataset@0:
    cmd: python download_coronal_dataset.py 100142290 2
    deps:
    - path: download_coronal_dataset.py
      md5: 51fd4cc16f75a67b8a7ba75ca81311f7
      size: 3158
    outs:
    - path: coronal/2/dataset_100142290/
      md5: 87f3c4c45627bb30c6f9c2617cf9542c.dir
      size: 2207522409
      nfiles: 5
  download_coronal_dataset@2:
    cmd: python download_coronal_dataset.py 100141805 2
    deps:
    - path: download_coronal_dataset.py
      md5: 51fd4cc16f75a67b8a7ba75ca81311f7
      size: 3158
    outs:
    - path: coronal/2/dataset_100141805/
      md5: ffd1f52373bcfd8464e0e1eea605df45.dir
      size: 2227367321
      nfiles: 5
  download_coronal_dataset@1:
    cmd: python download_coronal_dataset.py 100142355 2
    deps:
    - path: download_coronal_dataset.py
      md5: 51fd4cc16f75a67b8a7ba75ca81311f7
      size: 3158
    outs:
    - path: coronal/2/dataset_100142355/
      md5: ce9184af99c706d55989d133bf1e7712.dir
      size: 2087285219
      nfiles: 5
